
Microsoft Visual Studio Solution File, Format Version 12.00
# Visual Studio 15
VisualStudioVersion = 15.0.28307.102
MinimumVisualStudioVersion = 10.0.40219.1
Project("{FAE04EC0-301F-11D3-BF4B-00C04F79EFBC}") = "MVC_Demo1", "MVC_Demo1\MVC_Demo1.csproj", "{1CC5ED51-34C1-47C1-A5B0-A3DA12ECC47E}"
EndProject
Project("{FAE04EC0-301F-11D3-BF4B-00C04F79EFBC}") = "WebApplication1", "WebApplication1\WebApplication1.csproj", "{D5D2A8D6-30A9-4B4F-84C0-0E356EA04928}"
EndProject
Global
	GlobalSection(SolutionConfigurationPlatforms) = preSolution
		Debug|Any CPU = Debug|Any CPU
		Release|Any CPU = Release|Any CPU
	EndGlobalSection
	GlobalSection(ProjectConfigurationPlatforms) = postSolution
		{1CC5ED51-34C1-47C1-A5B0-A3DA12ECC47E}.Debug|Any CPU.ActiveCfg = Debug|Any CPU
		{1CC5ED51-34C1-47C1-A5B0-A3DA12ECC47E}.Debug|Any CPU.Build.0 = Debug|Any CPU
		{1CC5ED51-34C1-47C1-A5B0-A3DA12ECC47E}.Release|Any CPU.ActiveCfg = Release|Any CPU
		{1CC5ED51-34C1-47C1-A5B0-A3DA12ECC47E}.Release|Any CPU.Build.0 = Release|Any CPU
		{D5D2A8D6-30A9-4B4F-84C0-0E356EA04928}.Debug|Any CPU.ActiveCfg = Debug|Any CPU
		{D5D2A8D6-30A9-4B4F-84C0-0E356EA04928}.Debug|Any CPU.Build.0 = Debug|Any CPU
		{D5D2A8D6-30A9-4B4F-84C0-0E356EA04928}.Release|Any CPU.ActiveCfg = Release|Any CPU
		{D5D2A8D6-30A9-4B4F-84C0-0E356EA04928}.Release|Any CPU.Build.0 = Release|Any CPU
	EndGlobalSection
	GlobalSection(SolutionProperties) = preSolution
		HideSolutionNode = FALSE
	EndGlobalSection
	GlobalSection(ExtensibilityGlobals) = postSolution
		SolutionGuid = {A1217CDB-1FF7-4273-9B85-0DD8A4FD5E27}
	EndGlobalSection
EndGlobal
